# This file was autogenerated by Stack.
# You should not edit this file by hand.
# For more information, please see the documentation at:
#   https://docs.haskellstack.org/en/stable/lock_files

packages: []
snapshots:
- completed:
    size: 507208
    url: https://raw.githubusercontent.com/commercialhaskell/stackage-snapshots/master/lts/11/6.yaml
    sha256: 99d52f009dc5a53ac61ffc4e6044f910ca7b28b4596b6962135a48e8c7d3d093
  original: lts-11.6
